
Microsoft Visual Studio Solution File, Format Version 12.00
# Visual Studio 15
VisualStudioVersion = 15.0.26124.0
MinimumVisualStudioVersion = 15.0.26124.0
Project("{FAE04EC0-301F-11D3-BF4B-00C04F79EFBC}") = "Clicker.Blazor", "Clicker.Blazor\Clicker.Blazor.csproj", "{5597553D-662B-4D04-B3C6-75BF96A93A22}"
EndProject
Project("{FAE04EC0-301F-11D3-BF4B-00C04F79EFBC}") = "Clicker.Tests", "Clicker.Tests\Clicker.Tests.csproj", "{63930BFE-708F-4CCA-BA0C-FF0B7626D902}"
EndProject
Project("{2150E333-8FDC-42A3-9474-1A3956D46DE8}") = "Solution Items", "Solution Items", "{13174A4D-C12B-4293-8156-D011AF752F05}"
	ProjectSection(SolutionItems) = preProject
		Readme.md = Readme.md
	EndProjectSection
EndProject
Project("{FAE04EC0-301F-11D3-BF4B-00C04F79EFBC}") = "Clicker.Library", "Clicker.Library\Clicker.Library.csproj", "{D7EC7A22-D52C-4448-9C63-C9CD93665785}"
EndProject
Global
	GlobalSection(SolutionConfigurationPlatforms) = preSolution
		Debug|Any CPU = Debug|Any CPU
		Debug|x64 = Debug|x64
		Debug|x86 = Debug|x86
		Release|Any CPU = Release|Any CPU
		Release|x64 = Release|x64
		Release|x86 = Release|x86
	EndGlobalSection
	GlobalSection(SolutionProperties) = preSolution
		HideSolutionNode = FALSE
	EndGlobalSection
	GlobalSection(ProjectConfigurationPlatforms) = postSolution
		{5597553D-662B-4D04-B3C6-75BF96A93A22}.Debug|Any CPU.ActiveCfg = Debug|Any CPU
		{5597553D-662B-4D04-B3C6-75BF96A93A22}.Debug|Any CPU.Build.0 = Debug|Any CPU
		{5597553D-662B-4D04-B3C6-75BF96A93A22}.Debug|x64.ActiveCfg = Debug|Any CPU
		{5597553D-662B-4D04-B3C6-75BF96A93A22}.Debug|x64.Build.0 = Debug|Any CPU
		{5597553D-662B-4D04-B3C6-75BF96A93A22}.Debug|x86.ActiveCfg = Debug|Any CPU
		{5597553D-662B-4D04-B3C6-75BF96A93A22}.Debug|x86.Build.0 = Debug|Any CPU
		{5597553D-662B-4D04-B3C6-75BF96A93A22}.Release|Any CPU.ActiveCfg = Release|Any CPU
		{5597553D-662B-4D04-B3C6-75BF96A93A22}.Release|Any CPU.Build.0 = Release|Any CPU
		{5597553D-662B-4D04-B3C6-75BF96A93A22}.Release|x64.ActiveCfg = Release|Any CPU
		{5597553D-662B-4D04-B3C6-75BF96A93A22}.Release|x64.Build.0 = Release|Any CPU
		{5597553D-662B-4D04-B3C6-75BF96A93A22}.Release|x86.ActiveCfg = Release|Any CPU
		{5597553D-662B-4D04-B3C6-75BF96A93A22}.Release|x86.Build.0 = Release|Any CPU
		{63930BFE-708F-4CCA-BA0C-FF0B7626D902}.Debug|Any CPU.ActiveCfg = Debug|Any CPU
		{63930BFE-708F-4CCA-BA0C-FF0B7626D902}.Debug|Any CPU.Build.0 = Debug|Any CPU
		{63930BFE-708F-4CCA-BA0C-FF0B7626D902}.Debug|x64.ActiveCfg = Debug|Any CPU
		{63930BFE-708F-4CCA-BA0C-FF0B7626D902}.Debug|x64.Build.0 = Debug|Any CPU
		{63930BFE-708F-4CCA-BA0C-FF0B7626D902}.Debug|x86.ActiveCfg = Debug|Any CPU
		{63930BFE-708F-4CCA-BA0C-FF0B7626D902}.Debug|x86.Build.0 = Debug|Any CPU
		{63930BFE-708F-4CCA-BA0C-FF0B7626D902}.Release|Any CPU.ActiveCfg = Release|Any CPU
		{63930BFE-708F-4CCA-BA0C-FF0B7626D902}.Release|Any CPU.Build.0 = Release|Any CPU
		{63930BFE-708F-4CCA-BA0C-FF0B7626D902}.Release|x64.ActiveCfg = Release|Any CPU
		{63930BFE-708F-4CCA-BA0C-FF0B7626D902}.Release|x64.Build.0 = Release|Any CPU
		{63930BFE-708F-4CCA-BA0C-FF0B7626D902}.Release|x86.ActiveCfg = Release|Any CPU
		{63930BFE-708F-4CCA-BA0C-FF0B7626D902}.Release|x86.Build.0 = Release|Any CPU
		{D7EC7A22-D52C-4448-9C63-C9CD93665785}.Debug|Any CPU.ActiveCfg = Debug|Any CPU
		{D7EC7A22-D52C-4448-9C63-C9CD93665785}.Debug|Any CPU.Build.0 = Debug|Any CPU
		{D7EC7A22-D52C-4448-9C63-C9CD93665785}.Debug|x64.ActiveCfg = Debug|Any CPU
		{D7EC7A22-D52C-4448-9C63-C9CD93665785}.Debug|x64.Build.0 = Debug|Any CPU
		{D7EC7A22-D52C-4448-9C63-C9CD93665785}.Debug|x86.ActiveCfg = Debug|Any CPU
		{D7EC7A22-D52C-4448-9C63-C9CD93665785}.Debug|x86.Build.0 = Debug|Any CPU
		{D7EC7A22-D52C-4448-9C63-C9CD93665785}.Release|Any CPU.ActiveCfg = Release|Any CPU
		{D7EC7A22-D52C-4448-9C63-C9CD93665785}.Release|Any CPU.Build.0 = Release|Any CPU
		{D7EC7A22-D52C-4448-9C63-C9CD93665785}.Release|x64.ActiveCfg = Release|Any CPU
		{D7EC7A22-D52C-4448-9C63-C9CD93665785}.Release|x64.Build.0 = Release|Any CPU
		{D7EC7A22-D52C-4448-9C63-C9CD93665785}.Release|x86.ActiveCfg = Release|Any CPU
		{D7EC7A22-D52C-4448-9C63-C9CD93665785}.Release|x86.Build.0 = Release|Any CPU
	EndGlobalSection
EndGlobal
